
Microsoft Visual Studio Solution File, Format Version 12.00
# Visual Studio Version 17
VisualStudioVersion = 17.14.36930.0 d17.14
MinimumVisualStudioVersion = 10.0.40219.1
Project("{FAE04EC0-301F-11D3-BF4B-00C04F79EFBC}") = "RoutePredictor.Console", "RoutePredictor.Console\RoutePredictor.Console.csproj", "{533ED472-9A09-490C-B201-C96CEDCF1AC4}"
EndProject
Project("{FAE04EC0-301F-11D3-BF4B-00C04F79EFBC}") = "RoutePredictor.Core", "RoutePredictor.Core\RoutePredictor.Core.csproj", "{475A1370-8A48-48AB-933D-3EDEB803AEEA}"
EndProject
Global
	GlobalSection(SolutionConfigurationPlatforms) = preSolution
		Debug|Any CPU = Debug|Any CPU
		Release|Any CPU = Release|Any CPU
	EndGlobalSection
	GlobalSection(ProjectConfigurationPlatforms) = postSolution
		{533ED472-9A09-490C-B201-C96CEDCF1AC4}.Debug|Any CPU.ActiveCfg = Debug|Any CPU
		{533ED472-9A09-490C-B201-C96CEDCF1AC4}.Debug|Any CPU.Build.0 = Debug|Any CPU
		{533ED472-9A09-490C-B201-C96CEDCF1AC4}.Release|Any CPU.ActiveCfg = Release|Any CPU
		{533ED472-9A09-490C-B201-C96CEDCF1AC4}.Release|Any CPU.Build.0 = Release|Any CPU
		{475A1370-8A48-48AB-933D-3EDEB803AEEA}.Debug|Any CPU.ActiveCfg = Debug|Any CPU
		{475A1370-8A48-48AB-933D-3EDEB803AEEA}.Debug|Any CPU.Build.0 = Debug|Any CPU
		{475A1370-8A48-48AB-933D-3EDEB803AEEA}.Release|Any CPU.ActiveCfg = Release|Any CPU
		{475A1370-8A48-48AB-933D-3EDEB803AEEA}.Release|Any CPU.Build.0 = Release|Any CPU
	EndGlobalSection
	GlobalSection(SolutionProperties) = preSolution
		HideSolutionNode = FALSE
	EndGlobalSection
	GlobalSection(ExtensibilityGlobals) = postSolution
		SolutionGuid = {C259D56D-AB10-4BC7-B6CF-076B97745CC7}
	EndGlobalSection
EndGlobal
